
Microsoft Visual Studio Solution File, Format Version 12.00
# Visual Studio 15
VisualStudioVersion = 15.0.28010.2050
MinimumVisualStudioVersion = 10.0.40219.1
Project("{FAE04EC0-301F-11D3-BF4B-00C04F79EFBC}") = "CryptoCheck", "CryptoCheck\CryptoCheck.csproj", "{33D3B795-C221-4757-9668-9A22FBD70A2E}"
EndProject
Global
	GlobalSection(SolutionConfigurationPlatforms) = preSolution
		Debug|Any CPU = Debug|Any CPU
		Release|Any CPU = Release|Any CPU
	EndGlobalSection
	GlobalSection(ProjectConfigurationPlatforms) = postSolution
		{33D3B795-C221-4757-9668-9A22FBD70A2E}.Debug|Any CPU.ActiveCfg = Debug|Any CPU
		{33D3B795-C221-4757-9668-9A22FBD70A2E}.Debug|Any CPU.Build.0 = Debug|Any CPU
		{33D3B795-C221-4757-9668-9A22FBD70A2E}.Release|Any CPU.ActiveCfg = Release|Any CPU
		{33D3B795-C221-4757-9668-9A22FBD70A2E}.Release|Any CPU.Build.0 = Release|Any CPU
	EndGlobalSection
	GlobalSection(SolutionProperties) = preSolution
		HideSolutionNode = FALSE
	EndGlobalSection
	GlobalSection(ExtensibilityGlobals) = postSolution
		SolutionGuid = {96A06C26-8ED0-49D1-A811-A7A908DBAA8A}
	EndGlobalSection
EndGlobal
